// !$*UTF8*$!
{
	archiveVersion = 1;
	classes = {
	};
	objectVersion = 46;
	objects = {

/* Begin PBXBuildFile section */
		3D85F0A11BA29EDB00575455 /* main.m in Sources */ = {isa = PBXBuildFile; fileRef = 3D85F0A01BA29EDB00575455 /* main.m */; };
		3D85F0A41BA29EDB00575455 /* AppDelegate.m in Sources */ = {isa = PBXBuildFile; fileRef = 3D85F0A31BA29EDB00575455 /* AppDelegate.m */; };
		3D85F0A71BA29EDB00575455 /* ViewController.m in Sources */ = {isa = PBXBuildFile; fileRef = 3D85F0A61BA29EDB00575455 /* ViewController.m */; };
		3D85F0AA1BA29EDB00575455 /* Main.storyboard in Resources */ = {isa = PBXBuildFile; fileRef = 3D85F0A81BA29EDB00575455 /* Main.storyboard */; };
		3D85F0AC1BA29EDB00575455 /* Images.xcassets in Resources */ = {isa = PBXBuildFile; fileRef = 3D85F0AB1BA29EDB00575455 /* Images.xcassets */; };
		3D85F0AF1BA29EDB00575455 /* LaunchScreen.xib in Resources */ = {isa = PBXBuildFile; fileRef = 3D85F0AD1BA29EDB00575455 /* LaunchScreen.xib */; };
		3D85F0BB1BA29EDB00575455 /* MessageInterceptorDemoTests.m in Sources */ = {isa = PBXBuildFile; fileRef = 3D85F0BA1BA29EDB00575455 /* MessageInterceptorDemoTests.m */; };
		3D85F0C71BA29EFA00575455 /* MessageInterceptor.m in Sources */ = {isa = PBXBuildFile; fileRef = 3D85F0C61BA29EFA00575455 /* MessageInterceptor.m */; };
		3D85F0CA1BA2A0DA00575455 /* MyTextField.m in Sources */ = {isa = PBXBuildFile; fileRef = 3D85F0C91BA2A0DA00575455 /* MyTextField.m */; };
/* End PBXBuildFile section */

/* Begin PBXContainerItemProxy section */
		3D85F0B51BA29EDB00575455 /* PBXContainerItemProxy */ = {
			isa = PBXContainerItemProxy;
			containerPortal = 3D85F0931BA29EDB00575455 /* Project object */;
			proxyType = 1;
			remoteGlobalIDString = 3D85F09A1BA29EDB00575455;
			remoteInfo = MessageInterceptorDemo;
		};
/* End PBXContainerItemProxy section */

/* Begin PBXFileReference section */
		3D85F09B1BA29EDB00575455 /* MessageInterceptorDemo.app */ = {isa = PBXFileReference; explicitFileType = wrapper.application; includeInIndex = 0; path = MessageInterceptorDemo.app; sourceTree = BUILT_PRODUCTS_DIR; };
		3D85F09F1BA29EDB00575455 /* Info.plist */ = {isa = PBXFileReference; lastKnownFileType = text.plist.xml; path = Info.plist; sourceTree = "<group>"; };
		3D85F0A01BA29EDB00575455 /* main.m */ = {isa = PBXFileReference; lastKnownFileType = sourcecode.c.objc; path = main.m; sourceTree = "<group>"; };
		3D85F0A21BA29EDB00575455 /* AppDelegate.h */ = {isa = PBXFileReference; lastKnownFileType = sourcecode.c.h; path = AppDelegate.h; sourceTree = "<group>"; };
		3D85F0A31BA29EDB00575455 /* AppDelegate.m */ = {isa = PBXFileReference; lastKnownFileType = sourcecode.c.objc; path = AppDelegate.m; sourceTree = "<group>"; };
		3D85F0A51BA29EDB00575455 /* ViewController.h */ = {isa = PBXFileReference; lastKnownFileType = sourcecode.c.h; path = ViewController.h; sourceTree = "<group>"; };
		3D85F0A61BA29EDB00575455 /* ViewController.m */ = {isa = PBXFileReference; lastKnownFileType = sourcecode.c.objc; path = ViewController.m; sourceTree = "<group>"; };
		3D85F0A91BA29EDB00575455 /* Base */ = {isa = PBXFileReference; lastKnownFileType = file.storyboard; name = Base; path = Base.lproj/Main.storyboard; sourceTree = "<group>"; };
		3D85F0AB1BA29EDB00575455 /* Images.xcassets */ = {isa = PBXFileReference; lastKnownFileType = folder.assetcatalog; path = Images.xcassets; sourceTree = "<group>"; };
		3D85F0AE1BA29EDB00575455 /* Base */ = {isa = PBXFileReference; lastKnownFileType = file.xib; name = Base; path = Base.lproj/LaunchScreen.xib; sourceTree = "<group>"; };
		3D85F0B41BA29EDB00575455 /* MessageInterceptorDemoTests.xctest */ = {isa = PBXFileReference; explicitFileType = wrapper.cfbundle; includeInIndex = 0; path = MessageInterceptorDemoTests.xctest; sourceTree = BUILT_PRODUCTS_DIR; };
		3D85F0B91BA29EDB00575455 /* Info.plist */ = {isa = PBXFileReference; lastKnownFileType = text.plist.xml; path = Info.plist; sourceTree = "<group>"; };
		3D85F0BA1BA29EDB00575455 /* MessageInterceptorDemoTests.m */ = {isa = PBXFileReference; lastKnownFileType = sourcecode.c.objc; path = MessageInterceptorDemoTests.m; sourceTree = "<group>"; };
		3D85F0C51BA29EFA00575455 /* MessageInterceptor.h */ = {isa = PBXFileReference; fileEncoding = 4; lastKnownFileType = sourcecode.c.h; path = MessageInterceptor.h; sourceTree = "<group>"; };
		3D85F0C61BA29EFA00575455 /* MessageInterceptor.m */ = {isa = PBXFileReference; fileEncoding = 4; lastKnownFileType = sourcecode.c.objc; path = MessageInterceptor.m; sourceTree = "<group>"; };
		3D85F0C81BA2A0DA00575455 /* MyTextField.h */ = {isa = PBXFileReference; fileEncoding = 4; lastKnownFileType = sourcecode.c.h; path = MyTextField.h; sourceTree = "<group>"; };
		3D85F0C91BA2A0DA00575455 /* MyTextField.m */ = {isa = PBXFileReference; fileEncoding = 4; lastKnownFileType = sourcecode.c.objc; path = MyTextField.m; sourceTree = "<group>"; };
/* End PBXFileReference section */

/* Begin PBXFrameworksBuildPhase section */
		3D85F0981BA29EDB00575455 /* Frameworks */ = {
			isa = PBXFrameworksBuildPhase;
			buildActionMask = 2147483647;
			files = (
			);
			runOnlyForDeploymentPostprocessing = 0;
		};
		3D85F0B11BA29EDB00575455 /* Frameworks */ = {
			isa = PBXFrameworksBuildPhase;
			buildActionMask = 2147483647;
			files = (
			);
			runOnlyForDeploymentPostprocessing = 0;
		};
/* End PBXFrameworksBuildPhase section */

/* Begin PBXGroup section */
		3D85F0921BA29EDB00575455 = {
			isa = PBXGroup;
			children = (
				3D85F09D1BA29EDB00575455 /* MessageInterceptorDemo */,
				3D85F0B71BA29EDB00575455 /* MessageInterceptorDemoTests */,
				3D85F09C1BA29EDB00575455 /* Products */,
			);
			sourceTree = "<group>";
		};
		3D85F09C1BA29EDB00575455 /* Products */ = {
			isa = PBXGroup;
			children = (
				3D85F09B1BA29EDB00575455 /* MessageInterceptorDemo.app */,
				3D85F0B41BA29EDB00575455 /* MessageInterceptorDemoTests.xctest */,
			);
			name = Products;
			sourceTree = "<group>";
		};
		3D85F09D1BA29EDB00575455 /* MessageInterceptorDemo */ = {
			isa = PBXGroup;
			children = (
				3D85F0C41BA29EE400575455 /* MessageInterceptor */,
				3D85F0C81BA2A0DA00575455 /* MyTextField.h */,
				3D85F0C91BA2A0DA00575455 /* MyTextField.m */,
				3D85F0A21BA29EDB00575455 /* AppDelegate.h */,
				3D85F0A31BA29EDB00575455 /* AppDelegate.m */,
				3D85F0A51BA29EDB00575455 /* ViewController.h */,
				3D85F0A61BA29EDB00575455 /* ViewController.m */,
				3D85F0A81BA29EDB00575455 /* Main.storyboard */,
				3D85F0AB1BA29EDB00575455 /* Images.xcassets */,
				3D85F0AD1BA29EDB00575455 /* LaunchScreen.xib */,
				3D85F09E1BA29EDB00575455 /* Supporting Files */,
			);
			path = MessageInterceptorDemo;
			sourceTree = "<group>";
		};
		3D85F09E1BA29EDB00575455 /* Supporting Files */ = {
			isa = PBXGroup;
			children = (
				3D85F09F1BA29EDB00575455 /* Info.plist */,
				3D85F0A01BA29EDB00575455 /* main.m */,
			);
			name = "Supporting Files";
			sourceTree = "<group>";
		};
		3D85F0B71BA29EDB00575455 /* MessageInterceptorDemoTests */ = {
			isa = PBXGroup;
			children = (
				3D85F0BA1BA29EDB00575455 /* MessageInterceptorDemoTests.m */,
				3D85F0B81BA29EDB00575455 /* Supporting Files */,
			);
			path = MessageInterceptorDemoTests;
			sourceTree = "<group>";
		};
		3D85F0B81BA29EDB00575455 /* Supporting Files */ = {
			isa = PBXGroup;
			children = (
				3D85F0B91BA29EDB00575455 /* Info.plist */,
			);
			name = "Supporting Files";
			sourceTree = "<group>";
		};
		3D85F0C41BA29EE400575455 /* MessageInterceptor */ = {
			isa = PBXGroup;
			children = (
				3D85F0C51BA29EFA00575455 /* MessageInterceptor.h */,
				3D85F0C61BA29EFA00575455 /* MessageInterceptor.m */,
			);
			name = MessageInterceptor;
			sourceTree = "<group>";
		};
/* End PBXGroup section */

/* Begin PBXNativeTarget section */
		3D85F09A1BA29EDB00575455 /* MessageInterceptorDemo */ = {
			isa = PBXNativeTarget;
			buildConfigurationList = 3D85F0BE1BA29EDB00575455 /* Build configuration list for PBXNativeTarget "MessageInterceptorDemo" */;
			buildPhases = (
				3D85F0971BA29EDB00575455 /* Sources */,
				3D85F0981BA29EDB00575455 /* Frameworks */,
				3D85F0991BA29EDB00575455 /* Resources */,
			);
			buildRules = (
			);
			dependencies = (
			);
			name = MessageInterceptorDemo;
			productName = MessageInterceptorDemo;
			productReference = 3D85F09B1BA29EDB00575455 /* MessageInterceptorDemo.app */;
			productType = "com.apple.product-type.application";
		};
		3D85F0B31BA29EDB00575455 /* MessageInterceptorDemoTests */ = {
			isa = PBXNativeTarget;
			buildConfigurationList = 3D85F0C11BA29EDB00575455 /* Build configuration list for PBXNativeTarget "MessageInterceptorDemoTests" */;
			buildPhases = (
				3D85F0B01BA29EDB00575455 /* Sources */,
				3D85F0B11BA29EDB00575455 /* Frameworks */,
				3D85F0B21BA29EDB00575455 /* Resources */,
			);
			buildRules = (
			);
			dependencies = (
				3D85F0B61BA29EDB00575455 /* PBXTargetDependency */,
			);
			name = MessageInterceptorDemoTests;
			productName = MessageInterceptorDemoTests;
			productReference = 3D85F0B41BA29EDB00575455 /* MessageInterceptorDemoTests.xctest */;
			productType = "com.apple.product-type.bundle.unit-test";
		};
/* End PBXNativeTarget section */

/* Begin PBXProject section */
		3D85F0931BA29EDB00575455 /* Project object */ = {
			isa = PBXProject;
			attributes = {
				LastUpgradeCheck = 0640;
				ORGANIZATIONNAME = William;
				TargetAttributes = {
					3D85F09A1BA29EDB00575455 = {
						CreatedOnToolsVersion = 6.4;
					};
					3D85F0B31BA29EDB00575455 = {
						CreatedOnToolsVersion = 6.4;
						TestTargetID = 3D85F09A1BA29EDB00575455;
					};
				};
			};
			buildConfigurationList = 3D85F0961BA29EDB00575455 /* Build configuration list for PBXProject "MessageInterceptorDemo" */;
			compatibilityVersion = "Xcode 3.2";
			developmentRegion = English;
			hasScannedForEncodings = 0;
			knownRegions = (
				en,
				Base,
			);
			mainGroup = 3D85F0921BA29EDB00575455;
			productRefGroup = 3D85F09C1BA29EDB00575455 /* Products */;
			projectDirPath = "";
			projectRoot = "";
			targets = (
				3D85F09A1BA29EDB00575455 /* MessageInterceptorDemo */,
				3D85F0B31BA29EDB00575455 /* MessageInterceptorDemoTests */,
			);
		};
/* End PBXProject section */

/* Begin PBXResourcesBuildPhase section */
		3D85F0991BA29EDB00575455 /* Resources */ = {
			isa = PBXResourcesBuildPhase;
			buildActionMask = 2147483647;
			files = (
				3D85F0AA1BA29EDB00575455 /* Main.storyboard in Resources */,
				3D85F0AF1BA29EDB00575455 /* LaunchScreen.xib in Resources */,
				3D85F0AC1BA29EDB00575455 /* Images.xcassets in Resources */,
			);
			runOnlyForDeploymentPostprocessing = 0;
		};
		3D85F0B21BA29EDB00575455 /* Resources */ = {
			isa = PBXResourcesBuildPhase;
			buildActionMask = 2147483647;
			files = (
			);
			runOnlyForDeploymentPostprocessing = 0;
		};
/* End PBXResourcesBuildPhase section */

/* Begin PBXSourcesBuildPhase section */
		3D85F0971BA29EDB00575455 /* Sources */ = {
			isa = PBXSourcesBuildPhase;
			buildActionMask = 2147483647;
			files = (
				3D85F0CA1BA2A0DA00575455 /* MyTextField.m in Sources */,
				3D85F0A71BA29EDB00575455 /* ViewController.m in Sources */,
				3D85F0A41BA29EDB00575455 /* AppDelegate.m in Sources */,
				3D85F0A11BA29EDB00575455 /* main.m in Sources */,
				3D85F0C71BA29EFA00575455 /* MessageInterceptor.m in Sources */,
			);
			runOnlyForDeploymentPostprocessing = 0;
		};
		3D85F0B01BA29EDB00575455 /* Sources */ = {
			isa = PBXSourcesBuildPhase;
			buildActionMask = 2147483647;
			files = (
				3D85F0BB1BA29EDB00575455 /* MessageInterceptorDemoTests.m in Sources */,
			);
			runOnlyForDeploymentPostprocessing = 0;
		};
/* End PBXSourcesBuildPhase section */

/* Begin PBXTargetDependency section */
		3D85F0B61BA29EDB00575455 /* PBXTargetDependency */ = {
			isa = PBXTargetDependency;
			target = 3D85F09A1BA29EDB00575455 /* MessageInterceptorDemo */;
			targetProxy = 3D85F0B51BA29EDB00575455 /* PBXContainerItemProxy */;
		};
/* End PBXTargetDependency section */

/* Begin PBXVariantGroup section */
		3D85F0A81BA29EDB00575455 /* Main.storyboard */ = {
			isa = PBXVariantGroup;
			children = (
				3D85F0A91BA29EDB00575455 /* Base */,
			);
			name = Main.storyboard;
			sourceTree = "<group>";
		};
		3D85F0AD1BA29EDB00575455 /* LaunchScreen.xib */ = {
			isa = PBXVariantGroup;
			children = (
				3D85F0AE1BA29EDB00575455 /* Base */,
			);
			name = LaunchScreen.xib;
			sourceTree = "<group>";
		};
/* End PBXVariantGroup section */

/* Begin XCBuildConfiguration section */
		3D85F0BC1BA29EDB00575455 /* Debug */ = {
			isa = XCBuildConfiguration;
			buildSettings = {
				ALWAYS_SEARCH_USER_PATHS = NO;
				CLANG_CXX_LANGUAGE_STANDARD = "gnu++0x";
				CLANG_CXX_LIBRARY = "libc++";
				CLANG_ENABLE_MODULES = YES;
				CLANG_ENABLE_OBJC_ARC = YES;
				CLANG_WARN_BOOL_CONVERSION = YES;
				CLANG_WARN_CONSTANT_CONVERSION = YES;
				CLANG_WARN_DIRECT_OBJC_ISA_USAGE = YES_ERROR;
				CLANG_WARN_EMPTY_BODY = YES;
				CLANG_WARN_ENUM_CONVERSION = YES;
				CLANG_WARN_INT_CONVERSION = YES;
				CLANG_WARN_OBJC_ROOT_CLASS = YES_ERROR;
				CLANG_WARN_UNREACHABLE_CODE = YES;
				CLANG_WARN__DUPLICATE_METHOD_MATCH = YES;
				"CODE_SIGN_IDENTITY[sdk=iphoneos*]" = "iPhone Developer";
				COPY_PHASE_STRIP = NO;
				DEBUG_INFORMATION_FORMAT = "dwarf-with-dsym";
				ENABLE_STRICT_OBJC_MSGSEND = YES;
				GCC_C_LANGUAGE_STANDARD = gnu99;
				GCC_DYNAMIC_NO_PIC = NO;
				GCC_NO_COMMON_BLOCKS = YES;
				GCC_OPTIMIZATION_LEVEL = 0;
				GCC_PREPROCESSOR_DEFINITIONS = (
					"DEBUG=1",
					"$(inherited)",
				);
				GCC_SYMBOLS_PRIVATE_EXTERN = NO;
				GCC_WARN_64_TO_32_BIT_CONVERSION = YES;
				GCC_WARN_ABOUT_RETURN_TYPE = YES_ERROR;
				GCC_WARN_UNDECLARED_SELECTOR = YES;
				GCC_WARN_UNINITIALIZED_AUTOS = YES_AGGRESSIVE;
				GCC_WARN_UNUSED_FUNCTION = YES;
				GCC_WARN_UNUSED_VARIABLE = YES;
				IPHONEOS_DEPLOYMENT_TARGET = 8.4;
				MTL_ENABLE_DEBUG_INFO = YES;
				ONLY_ACTIVE_ARCH = YES;
				SDKROOT = iphoneos;
			};
			name = Debug;
		};
		3D85F0BD1BA29EDB00575455 /* Release */ = {
			isa = XCBuildConfiguration;
			buildSettings = {
				ALWAYS_SEARCH_USER_PATHS = NO;
				CLANG_CXX_LANGUAGE_STANDARD = "gnu++0x";
				CLANG_CXX_LIBRARY = "libc++";
				CLANG_ENABLE_MODULES = YES;
				CLANG_ENABLE_OBJC_ARC = YES;
				CLANG_WARN_BOOL_CONVERSION = YES;
				CLANG_WARN_CONSTANT_CONVERSION = YES;
				CLANG_WARN_DIRECT_OBJC_ISA_USAGE = YES_ERROR;
				CLANG_WARN_EMPTY_BODY = YES;
				CLANG_WARN_ENUM_CONVERSION = YES;
				CLANG_WARN_INT_CONVERSION = YES;
				CLANG_WARN_OBJC_ROOT_CLASS = YES_ERROR;
				CLANG_WARN_UNREACHABLE_CODE = YES;
				CLANG_WARN__DUPLICATE_METHOD_MATCH = YES;
				"CODE_SIGN_IDENTITY[sdk=iphoneos*]" = "iPhone Developer";
				COPY_PHASE_STRIP = NO;
				DEBUG_INFORMATION_FORMAT = "dwarf-with-dsym";
				ENABLE_NS_ASSERTIONS = NO;
				ENABLE_STRICT_OBJC_MSGSEND = YES;
				GCC_C_LANGUAGE_STANDARD = gnu99;
				GCC_NO_COMMON_BLOCKS = YES;
				GCC_WARN_64_TO_32_BIT_CONVERSION = YES;
				GCC_WARN_ABOUT_RETURN_TYPE = YES_ERROR;
				GCC_WARN_UNDECLARED_SELECTOR = YES;
				GCC_WARN_UNINITIALIZED_AUTOS = YES_AGGRESSIVE;
				GCC_WARN_UNUSED_FUNCTION = YES;
				GCC_WARN_UNUSED_VARIABLE = YES;
				IPHONEOS_DEPLOYMENT_TARGET = 8.4;
				MTL_ENABLE_DEBUG_INFO = NO;
				SDKROOT = iphoneos;
				VALIDATE_PRODUCT = YES;
			};
			name = Release;
		};
		3D85F0BF1BA29EDB00575455 /* Debug */ = {
			isa = XCBuildConfiguration;
			buildSettings = {
				ASSETCATALOG_COMPILER_APPICON_NAME = AppIcon;
				INFOPLIST_FILE = MessageInterceptorDemo/Info.plist;
				LD_RUNPATH_SEARCH_PATHS = "$(inherited) @executable_path/Frameworks";
				PRODUCT_NAME = "$(TARGET_NAME)";
			};
			name = Debug;
		};
		3D85F0C01BA29EDB00575455 /* Release */ = {
			isa = XCBuildConfiguration;
			buildSettings = {
				ASSETCATALOG_COMPILER_APPICON_NAME = AppIcon;
				INFOPLIST_FILE = MessageInterceptorDemo/Info.plist;
				LD_RUNPATH_SEARCH_PATHS = "$(inherited) @executable_path/Frameworks";
				PRODUCT_NAME = "$(TARGET_NAME)";
			};
			name = Release;
		};
		3D85F0C21BA29EDB00575455 /* Debug */ = {
			isa = XCBuildConfiguration;
			buildSettings = {
				BUNDLE_LOADER = "$(TEST_HOST)";
				FRAMEWORK_SEARCH_PATHS = (
					"$(SDKROOT)/Developer/Library/Frameworks",
					"$(inherited)",
				);
				GCC_PREPROCESSOR_DEFINITIONS = (
					"DEBUG=1",
					"$(inherited)",
				);
				INFOPLIST_FILE = MessageInterceptorDemoTests/Info.plist;
				LD_RUNPATH_SEARCH_PATHS = "$(inherited) @executable_path/Frameworks @loader_path/Frameworks";
				PRODUCT_NAME = "$(TARGET_NAME)";
				TEST_HOST = "$(BUILT_PRODUCTS_DIR)/MessageInterceptorDemo.app/MessageInterceptorDemo";
			};
			name = Debug;
		};
		3D85F0C31BA29EDB00575455 /* Release */ = {
			isa = XCBuildConfiguration;
			buildSettings = {
				BUNDLE_LOADER = "$(TEST_HOST)";
				FRAMEWORK_SEARCH_PATHS = (
					"$(SDKROOT)/Developer/Library/Frameworks",
					"$(inherited)",
				);
				INFOPLIST_FILE = MessageInterceptorDemoTests/Info.plist;
				LD_RUNPATH_SEARCH_PATHS = "$(inherited) @executable_path/Frameworks @loader_path/Frameworks";
				PRODUCT_NAME = "$(TARGET_NAME)";
				TEST_HOST = "$(BUILT_PRODUCTS_DIR)/MessageInterceptorDemo.app/MessageInterceptorDemo";
			};
			name = Release;
		};
/* End XCBuildConfiguration section */

/* Begin XCConfigurationList section */
		3D85F0961BA29EDB00575455 /* Build configuration list for PBXProject "MessageInterceptorDemo" */ = {
			isa = XCConfigurationList;
			buildConfigurations = (
				3D85F0BC1BA29EDB00575455 /* Debug */,
				3D85F0BD1BA29EDB00575455 /* Release */,
			);
			defaultConfigurationIsVisible = 0;
			defaultConfigurationName = Release;
		};
		3D85F0BE1BA29EDB00575455 /* Build configuration list for PBXNativeTarget "MessageInterceptorDemo" */ = {
			isa = XCConfigurationList;
			buildConfigurations = (
				3D85F0BF1BA29EDB00575455 /* Debug */,
				3D85F0C01BA29EDB00575455 /* Release */,
			);
			defaultConfigurationIsVisible = 0;
		};
		3D85F0C11BA29EDB00575455 /* Build configuration list for PBXNativeTarget "MessageInterceptorDemoTests" */ = {
			isa = XCConfigurationList;
			buildConfigurations = (
				3D85F0C21BA29EDB00575455 /* Debug */,
				3D85F0C31BA29EDB00575455 /* Release */,
			);
			defaultConfigurationIsVisible = 0;
		};
/* End XCConfigurationList section */
	};
	rootObject = 3D85F0931BA29EDB00575455 /* Project object */;
}
